// !$*UTF8*$!
{
	archiveVersion = 1;
	classes = {
	};
	objectVersion = 56;
	objects = {

/* Begin PBXBuildFile section */
		08CB53532A0FF8440095DBE9 /* AppDelegate.swift in Sources */ = {isa = PBXBuildFile; fileRef = 08CB53522A0FF8440095DBE9 /* AppDelegate.swift */; };
		08CB53552A0FF8440095DBE9 /* SceneDelegate.swift in Sources */ = {isa = PBXBuildFile; fileRef = 08CB53542A0FF8440095DBE9 /* SceneDelegate.swift */; };
		08CB535C2A0FF8480095DBE9 /* Assets.xcassets in Resources */ = {isa = PBXBuildFile; fileRef = 08CB535B2A0FF8480095DBE9 /* Assets.xcassets */; };
		08CB535F2A0FF8480095DBE9 /* LaunchScreen.storyboard in Resources */ = {isa = PBXBuildFile; fileRef = 08CB535D2A0FF8480095DBE9 /* LaunchScreen.storyboard */; };
		08CB53692A1003AC0095DBE9 /* ForgotPasswordController.swift in Sources */ = {isa = PBXBuildFile; fileRef = 08CB53682A1003AC0095DBE9 /* ForgotPasswordController.swift */; };
		08CB536B2A1004080095DBE9 /* LoginController.swift in Sources */ = {isa = PBXBuildFile; fileRef = 08CB536A2A1004080095DBE9 /* LoginController.swift */; };
		08CB536D2A1004BB0095DBE9 /* SignupController.swift in Sources */ = {isa = PBXBuildFile; fileRef = 08CB536C2A1004BB0095DBE9 /* SignupController.swift */; };
		08CB536F2A1005070095DBE9 /* HomeController.swift in Sources */ = {isa = PBXBuildFile; fileRef = 08CB536E2A1005070095DBE9 /* HomeController.swift */; };
		08CB53722A10DFF60095DBE9 /* AuthHeaderView.swift in Sources */ = {isa = PBXBuildFile; fileRef = 08CB53712A10DFF60095DBE9 /* AuthHeaderView.swift */; };
		08CB53742A10E9830095DBE9 /* CircleView.swift in Sources */ = {isa = PBXBuildFile; fileRef = 08CB53732A10E9830095DBE9 /* CircleView.swift */; };
		08CB53772A10F2D90095DBE9 /* UIView+Ext.swift in Sources */ = {isa = PBXBuildFile; fileRef = 08CB53762A10F2D90095DBE9 /* UIView+Ext.swift */; };
		08CB537A2A1106B40095DBE9 /* AuthTextField.swift in Sources */ = {isa = PBXBuildFile; fileRef = 08CB53792A1106B40095DBE9 /* AuthTextField.swift */; };
		08CB537C2A112E040095DBE9 /* AuthButton.swift in Sources */ = {isa = PBXBuildFile; fileRef = 08CB537B2A112E040095DBE9 /* AuthButton.swift */; };
		08CB537E2A11336E0095DBE9 /* AuthTextButton.swift in Sources */ = {isa = PBXBuildFile; fileRef = 08CB537D2A11336E0095DBE9 /* AuthTextButton.swift */; };
		08CB53802A1153380095DBE9 /* TransparentCoverView.swift in Sources */ = {isa = PBXBuildFile; fileRef = 08CB537F2A1153380095DBE9 /* TransparentCoverView.swift */; };
/* End PBXBuildFile section */

/* Begin PBXFileReference section */
		08CB534F2A0FF8440095DBE9 /* AuthenticationDemo.app */ = {isa = PBXFileReference; explicitFileType = wrapper.application; includeInIndex = 0; path = AuthenticationDemo.app; sourceTree = BUILT_PRODUCTS_DIR; };
		08CB53522A0FF8440095DBE9 /* AppDelegate.swift */ = {isa = PBXFileReference; lastKnownFileType = sourcecode.swift; path = AppDelegate.swift; sourceTree = "<group>"; };
		08CB53542A0FF8440095DBE9 /* SceneDelegate.swift */ = {isa = PBXFileReference; lastKnownFileType = sourcecode.swift; path = SceneDelegate.swift; sourceTree = "<group>"; };
		08CB535B2A0FF8480095DBE9 /* Assets.xcassets */ = {isa = PBXFileReference; lastKnownFileType = folder.assetcatalog; path = Assets.xcassets; sourceTree = "<group>"; };
		08CB535E2A0FF8480095DBE9 /* Base */ = {isa = PBXFileReference; lastKnownFileType = file.storyboard; name = Base; path = Base.lproj/LaunchScreen.storyboard; sourceTree = "<group>"; };
		08CB53602A0FF8480095DBE9 /* Info.plist */ = {isa = PBXFileReference; lastKnownFileType = text.plist.xml; path = Info.plist; sourceTree = "<group>"; };
		08CB53682A1003AC0095DBE9 /* ForgotPasswordController.swift */ = {isa = PBXFileReference; lastKnownFileType = sourcecode.swift; path = ForgotPasswordController.swift; sourceTree = "<group>"; };
		08CB536A2A1004080095DBE9 /* LoginController.swift */ = {isa = PBXFileReference; lastKnownFileType = sourcecode.swift; path = LoginController.swift; sourceTree = "<group>"; };
		08CB536C2A1004BB0095DBE9 /* SignupController.swift */ = {isa = PBXFileReference; lastKnownFileType = sourcecode.swift; path = SignupController.swift; sourceTree = "<group>"; };
		08CB536E2A1005070095DBE9 /* HomeController.swift */ = {isa = PBXFileReference; lastKnownFileType = sourcecode.swift; path = HomeController.swift; sourceTree = "<group>"; };
		08CB53712A10DFF60095DBE9 /* AuthHeaderView.swift */ = {isa = PBXFileReference; lastKnownFileType = sourcecode.swift; path = AuthHeaderView.swift; sourceTree = "<group>"; };
		08CB53732A10E9830095DBE9 /* CircleView.swift */ = {isa = PBXFileReference; lastKnownFileType = sourcecode.swift; path = CircleView.swift; sourceTree = "<group>"; };
		08CB53762A10F2D90095DBE9 /* UIView+Ext.swift */ = {isa = PBXFileReference; lastKnownFileType = sourcecode.swift; path = "UIView+Ext.swift"; sourceTree = "<group>"; };
		08CB53792A1106B40095DBE9 /* AuthTextField.swift */ = {isa = PBXFileReference; lastKnownFileType = sourcecode.swift; path = AuthTextField.swift; sourceTree = "<group>"; };
		08CB537B2A112E040095DBE9 /* AuthButton.swift */ = {isa = PBXFileReference; lastKnownFileType = sourcecode.swift; path = AuthButton.swift; sourceTree = "<group>"; };
		08CB537D2A11336E0095DBE9 /* AuthTextButton.swift */ = {isa = PBXFileReference; lastKnownFileType = sourcecode.swift; path = AuthTextButton.swift; sourceTree = "<group>"; };
		08CB537F2A1153380095DBE9 /* TransparentCoverView.swift */ = {isa = PBXFileReference; lastKnownFileType = sourcecode.swift; path = TransparentCoverView.swift; sourceTree = "<group>"; };
/* End PBXFileReference section */

/* Begin PBXFrameworksBuildPhase section */
		08CB534C2A0FF8440095DBE9 /* Frameworks */ = {
			isa = PBXFrameworksBuildPhase;
			buildActionMask = 2147483647;
			files = (
			);
			runOnlyForDeploymentPostprocessing = 0;
		};
/* End PBXFrameworksBuildPhase section */

/* Begin PBXGroup section */
		08CB53462A0FF8440095DBE9 = {
			isa = PBXGroup;
			children = (
				08CB53512A0FF8440095DBE9 /* AuthenticationDemo */,
				08CB53502A0FF8440095DBE9 /* Products */,
			);
			sourceTree = "<group>";
		};
		08CB53502A0FF8440095DBE9 /* Products */ = {
			isa = PBXGroup;
			children = (
				08CB534F2A0FF8440095DBE9 /* AuthenticationDemo.app */,
			);
			name = Products;
			sourceTree = "<group>";
		};
		08CB53512A0FF8440095DBE9 /* AuthenticationDemo */ = {
			isa = PBXGroup;
			children = (
				08CB53752A10F2BD0095DBE9 /* Extensions */,
				08CB53702A1005390095DBE9 /* Views */,
				08CB53682A1003AC0095DBE9 /* ForgotPasswordController.swift */,
				08CB536A2A1004080095DBE9 /* LoginController.swift */,
				08CB536C2A1004BB0095DBE9 /* SignupController.swift */,
				08CB536E2A1005070095DBE9 /* HomeController.swift */,
				08CB53672A1003670095DBE9 /* Configuration */,
				08CB53602A0FF8480095DBE9 /* Info.plist */,
			);
			path = AuthenticationDemo;
			sourceTree = "<group>";
		};
		08CB53672A1003670095DBE9 /* Configuration */ = {
			isa = PBXGroup;
			children = (
				08CB53522A0FF8440095DBE9 /* AppDelegate.swift */,
				08CB53542A0FF8440095DBE9 /* SceneDelegate.swift */,
				08CB535B2A0FF8480095DBE9 /* Assets.xcassets */,
				08CB535D2A0FF8480095DBE9 /* LaunchScreen.storyboard */,
			);
			path = Configuration;
			sourceTree = "<group>";
		};
		08CB53702A1005390095DBE9 /* Views */ = {
			isa = PBXGroup;
			children = (
				08CB53712A10DFF60095DBE9 /* AuthHeaderView.swift */,
				08CB53792A1106B40095DBE9 /* AuthTextField.swift */,
				08CB537B2A112E040095DBE9 /* AuthButton.swift */,
				08CB537D2A11336E0095DBE9 /* AuthTextButton.swift */,
				08CB53782A10F87C0095DBE9 /* AtomicViews */,
			);
			path = Views;
			sourceTree = "<group>";
		};
		08CB53752A10F2BD0095DBE9 /* Extensions */ = {
			isa = PBXGroup;
			children = (
				08CB53762A10F2D90095DBE9 /* UIView+Ext.swift */,
			);
			path = Extensions;
			sourceTree = "<group>";
		};
		08CB53782A10F87C0095DBE9 /* AtomicViews */ = {
			isa = PBXGroup;
			children = (
				08CB53732A10E9830095DBE9 /* CircleView.swift */,
				08CB537F2A1153380095DBE9 /* TransparentCoverView.swift */,
			);
			path = AtomicViews;
			sourceTree = "<group>";
		};
/* End PBXGroup section */

/* Begin PBXNativeTarget section */
		08CB534E2A0FF8440095DBE9 /* AuthenticationDemo */ = {
			isa = PBXNativeTarget;
			buildConfigurationList = 08CB53632A0FF8480095DBE9 /* Build configuration list for PBXNativeTarget "AuthenticationDemo" */;
			buildPhases = (
				08CB534B2A0FF8440095DBE9 /* Sources */,
				08CB534C2A0FF8440095DBE9 /* Frameworks */,
				08CB534D2A0FF8440095DBE9 /* Resources */,
				08CB53662A0FFF0F0095DBE9 /* SwiftLint */,
			);
			buildRules = (
			);
			dependencies = (
			);
			name = AuthenticationDemo;
			productName = AuthenticationDemo;
			productReference = 08CB534F2A0FF8440095DBE9 /* AuthenticationDemo.app */;
			productType = "com.apple.product-type.application";
		};
/* End PBXNativeTarget section */

/* Begin PBXProject section */
		08CB53472A0FF8440095DBE9 /* Project object */ = {
			isa = PBXProject;
			attributes = {
				BuildIndependentTargetsInParallel = 1;
				LastSwiftUpdateCheck = 1430;
				LastUpgradeCheck = 1430;
				TargetAttributes = {
					08CB534E2A0FF8440095DBE9 = {
						CreatedOnToolsVersion = 14.3;
					};
				};
			};
			buildConfigurationList = 08CB534A2A0FF8440095DBE9 /* Build configuration list for PBXProject "AuthenticationDemo" */;
			compatibilityVersion = "Xcode 14.0";
			developmentRegion = en;
			hasScannedForEncodings = 0;
			knownRegions = (
				en,
				Base,
			);
			mainGroup = 08CB53462A0FF8440095DBE9;
			productRefGroup = 08CB53502A0FF8440095DBE9 /* Products */;
			projectDirPath = "";
			projectRoot = "";
			targets = (
				08CB534E2A0FF8440095DBE9 /* AuthenticationDemo */,
			);
		};
/* End PBXProject section */

/* Begin PBXResourcesBuildPhase section */
		08CB534D2A0FF8440095DBE9 /* Resources */ = {
			isa = PBXResourcesBuildPhase;
			buildActionMask = 2147483647;
			files = (
				08CB535F2A0FF8480095DBE9 /* LaunchScreen.storyboard in Resources */,
				08CB535C2A0FF8480095DBE9 /* Assets.xcassets in Resources */,
			);
			runOnlyForDeploymentPostprocessing = 0;
		};
/* End PBXResourcesBuildPhase section */

/* Begin PBXShellScriptBuildPhase section */
		08CB53662A0FFF0F0095DBE9 /* SwiftLint */ = {
			isa = PBXShellScriptBuildPhase;
			alwaysOutOfDate = 1;
			buildActionMask = 2147483647;
			files = (
			);
			inputFileListPaths = (
			);
			inputPaths = (
			);
			name = SwiftLint;
			outputFileListPaths = (
			);
			outputPaths = (
			);
			runOnlyForDeploymentPostprocessing = 0;
			shellPath = /bin/sh;
			shellScript = "if which swiftlint > /dev/null; then\n  swiftlint\nelse\n  echo \"warning: SwiftLint not installed, download from https://github.com/realm/SwiftLint\"\nfi\n";
		};
/* End PBXShellScriptBuildPhase section */

/* Begin PBXSourcesBuildPhase section */
		08CB534B2A0FF8440095DBE9 /* Sources */ = {
			isa = PBXSourcesBuildPhase;
			buildActionMask = 2147483647;
			files = (
				08CB53742A10E9830095DBE9 /* CircleView.swift in Sources */,
				08CB537A2A1106B40095DBE9 /* AuthTextField.swift in Sources */,
				08CB537E2A11336E0095DBE9 /* AuthTextButton.swift in Sources */,
				08CB53692A1003AC0095DBE9 /* ForgotPasswordController.swift in Sources */,
				08CB536F2A1005070095DBE9 /* HomeController.swift in Sources */,
				08CB53532A0FF8440095DBE9 /* AppDelegate.swift in Sources */,
				08CB53802A1153380095DBE9 /* TransparentCoverView.swift in Sources */,
				08CB536D2A1004BB0095DBE9 /* SignupController.swift in Sources */,
				08CB537C2A112E040095DBE9 /* AuthButton.swift in Sources */,
				08CB53772A10F2D90095DBE9 /* UIView+Ext.swift in Sources */,
				08CB53552A0FF8440095DBE9 /* SceneDelegate.swift in Sources */,
				08CB536B2A1004080095DBE9 /* LoginController.swift in Sources */,
				08CB53722A10DFF60095DBE9 /* AuthHeaderView.swift in Sources */,
			);
			runOnlyForDeploymentPostprocessing = 0;
		};
/* End PBXSourcesBuildPhase section */

/* Begin PBXVariantGroup section */
		08CB535D2A0FF8480095DBE9 /* LaunchScreen.storyboard */ = {
			isa = PBXVariantGroup;
			children = (
				08CB535E2A0FF8480095DBE9 /* Base */,
			);
			name = LaunchScreen.storyboard;
			sourceTree = "<group>";
		};
/* End PBXVariantGroup section */

/* Begin XCBuildConfiguration section */
		08CB53612A0FF8480095DBE9 /* Debug */ = {
			isa = XCBuildConfiguration;
			buildSettings = {
				ALWAYS_SEARCH_USER_PATHS = NO;
				CLANG_ANALYZER_NONNULL = YES;
				CLANG_ANALYZER_NUMBER_OBJECT_CONVERSION = YES_AGGRESSIVE;
				CLANG_CXX_LANGUAGE_STANDARD = "gnu++20";
				CLANG_ENABLE_MODULES = YES;
				CLANG_ENABLE_OBJC_ARC = YES;
				CLANG_ENABLE_OBJC_WEAK = YES;
				CLANG_WARN_BLOCK_CAPTURE_AUTORELEASING = YES;
				CLANG_WARN_BOOL_CONVERSION = YES;
				CLANG_WARN_COMMA = YES;
				CLANG_WARN_CONSTANT_CONVERSION = YES;
				CLANG_WARN_DEPRECATED_OBJC_IMPLEMENTATIONS = YES;
				CLANG_WARN_DIRECT_OBJC_ISA_USAGE = YES_ERROR;
				CLANG_WARN_DOCUMENTATION_COMMENTS = YES;
				CLANG_WARN_EMPTY_BODY = YES;
				CLANG_WARN_ENUM_CONVERSION = YES;
				CLANG_WARN_INFINITE_RECURSION = YES;
				CLANG_WARN_INT_CONVERSION = YES;
				CLANG_WARN_NON_LITERAL_NULL_CONVERSION = YES;
				CLANG_WARN_OBJC_IMPLICIT_RETAIN_SELF = YES;
				CLANG_WARN_OBJC_LITERAL_CONVERSION = YES;
				CLANG_WARN_OBJC_ROOT_CLASS = YES_ERROR;
				CLANG_WARN_QUOTED_INCLUDE_IN_FRAMEWORK_HEADER = YES;
				CLANG_WARN_RANGE_LOOP_ANALYSIS = YES;
				CLANG_WARN_STRICT_PROTOTYPES = YES;
				CLANG_WARN_SUSPICIOUS_MOVE = YES;
				CLANG_WARN_UNGUARDED_AVAILABILITY = YES_AGGRESSIVE;
				CLANG_WARN_UNREACHABLE_CODE = YES;
				CLANG_WARN__DUPLICATE_METHOD_MATCH = YES;
				COPY_PHASE_STRIP = NO;
				DEBUG_INFORMATION_FORMAT = dwarf;
				ENABLE_STRICT_OBJC_MSGSEND = YES;
				ENABLE_TESTABILITY = YES;
				GCC_C_LANGUAGE_STANDARD = gnu11;
				GCC_DYNAMIC_NO_PIC = NO;
				GCC_NO_COMMON_BLOCKS = YES;
				GCC_OPTIMIZATION_LEVEL = 0;
				GCC_PREPROCESSOR_DEFINITIONS = (
					"DEBUG=1",
					"$(inherited)",
				);
				GCC_WARN_64_TO_32_BIT_CONVERSION = YES;
				GCC_WARN_ABOUT_RETURN_TYPE = YES_ERROR;
				GCC_WARN_UNDECLARED_SELECTOR = YES;
				GCC_WARN_UNINITIALIZED_AUTOS = YES_AGGRESSIVE;
				GCC_WARN_UNUSED_FUNCTION = YES;
				GCC_WARN_UNUSED_VARIABLE = YES;
				IPHONEOS_DEPLOYMENT_TARGET = 15.6;
				MTL_ENABLE_DEBUG_INFO = INCLUDE_SOURCE;
				MTL_FAST_MATH = YES;
				ONLY_ACTIVE_ARCH = YES;
				SDKROOT = iphoneos;
				SWIFT_ACTIVE_COMPILATION_CONDITIONS = DEBUG;
				SWIFT_OPTIMIZATION_LEVEL = "-Onone";
			};
			name = Debug;
		};
		08CB53622A0FF8480095DBE9 /* Release */ = {
			isa = XCBuildConfiguration;
			buildSettings = {
				ALWAYS_SEARCH_USER_PATHS = NO;
				CLANG_ANALYZER_NONNULL = YES;
				CLANG_ANALYZER_NUMBER_OBJECT_CONVERSION = YES_AGGRESSIVE;
				CLANG_CXX_LANGUAGE_STANDARD = "gnu++20";
				CLANG_ENABLE_MODULES = YES;
				CLANG_ENABLE_OBJC_ARC = YES;
				CLANG_ENABLE_OBJC_WEAK = YES;
				CLANG_WARN_BLOCK_CAPTURE_AUTORELEASING = YES;
				CLANG_WARN_BOOL_CONVERSION = YES;
				CLANG_WARN_COMMA = YES;
				CLANG_WARN_CONSTANT_CONVERSION = YES;
				CLANG_WARN_DEPRECATED_OBJC_IMPLEMENTATIONS = YES;
				CLANG_WARN_DIRECT_OBJC_ISA_USAGE = YES_ERROR;
				CLANG_WARN_DOCUMENTATION_COMMENTS = YES;
				CLANG_WARN_EMPTY_BODY = YES;
				CLANG_WARN_ENUM_CONVERSION = YES;
				CLANG_WARN_INFINITE_RECURSION = YES;
				CLANG_WARN_INT_CONVERSION = YES;
				CLANG_WARN_NON_LITERAL_NULL_CONVERSION = YES;
				CLANG_WARN_OBJC_IMPLICIT_RETAIN_SELF = YES;
				CLANG_WARN_OBJC_LITERAL_CONVERSION = YES;
				CLANG_WARN_OBJC_ROOT_CLASS = YES_ERROR;
				CLANG_WARN_QUOTED_INCLUDE_IN_FRAMEWORK_HEADER = YES;
				CLANG_WARN_RANGE_LOOP_ANALYSIS = YES;
				CLANG_WARN_STRICT_PROTOTYPES = YES;
				CLANG_WARN_SUSPICIOUS_MOVE = YES;
				CLANG_WARN_UNGUARDED_AVAILABILITY = YES_AGGRESSIVE;
				CLANG_WARN_UNREACHABLE_CODE = YES;
				CLANG_WARN__DUPLICATE_METHOD_MATCH = YES;
				COPY_PHASE_STRIP = NO;
				DEBUG_INFORMATION_FORMAT = "dwarf-with-dsym";
				ENABLE_NS_ASSERTIONS = NO;
				ENABLE_STRICT_OBJC_MSGSEND = YES;
				GCC_C_LANGUAGE_STANDARD = gnu11;
				GCC_NO_COMMON_BLOCKS = YES;
				GCC_WARN_64_TO_32_BIT_CONVERSION = YES;
				GCC_WARN_ABOUT_RETURN_TYPE = YES_ERROR;
				GCC_WARN_UNDECLARED_SELECTOR = YES;
				GCC_WARN_UNINITIALIZED_AUTOS = YES_AGGRESSIVE;
				GCC_WARN_UNUSED_FUNCTION = YES;
				GCC_WARN_UNUSED_VARIABLE = YES;
				IPHONEOS_DEPLOYMENT_TARGET = 15.6;
				MTL_ENABLE_DEBUG_INFO = NO;
				MTL_FAST_MATH = YES;
				SDKROOT = iphoneos;
				SWIFT_COMPILATION_MODE = wholemodule;
				SWIFT_OPTIMIZATION_LEVEL = "-O";
				VALIDATE_PRODUCT = YES;
			};
			name = Release;
		};
		08CB53642A0FF8480095DBE9 /* Debug */ = {
			isa = XCBuildConfiguration;
			buildSettings = {
				ASSETCATALOG_COMPILER_APPICON_NAME = AppIcon;
				ASSETCATALOG_COMPILER_GLOBAL_ACCENT_COLOR_NAME = AccentColor;
				CODE_SIGN_STYLE = Automatic;
				CURRENT_PROJECT_VERSION = 1;
				DEVELOPMENT_TEAM = Y7QY22UYMJ;
				GENERATE_INFOPLIST_FILE = YES;
				INFOPLIST_FILE = AuthenticationDemo/Info.plist;
				INFOPLIST_KEY_UIApplicationSupportsIndirectInputEvents = YES;
				INFOPLIST_KEY_UILaunchStoryboardName = LaunchScreen;
				INFOPLIST_KEY_UISupportedInterfaceOrientations = UIInterfaceOrientationPortrait;
				LD_RUNPATH_SEARCH_PATHS = (
					"$(inherited)",
					"@executable_path/Frameworks",
				);
				MARKETING_VERSION = 1.0;
				PRODUCT_BUNDLE_IDENTIFIER = "com.denys-triasunov.AuthenticationDemo";
				PRODUCT_NAME = "$(TARGET_NAME)";
				SUPPORTED_PLATFORMS = "iphoneos iphonesimulator";
				SUPPORTS_MACCATALYST = NO;
				SUPPORTS_MAC_DESIGNED_FOR_IPHONE_IPAD = NO;
				SWIFT_EMIT_LOC_STRINGS = YES;
				SWIFT_VERSION = 5.0;
				TARGETED_DEVICE_FAMILY = 1;
			};
			name = Debug;
		};
		08CB53652A0FF8480095DBE9 /* Release */ = {
			isa = XCBuildConfiguration;
			buildSettings = {
				ASSETCATALOG_COMPILER_APPICON_NAME = AppIcon;
				ASSETCATALOG_COMPILER_GLOBAL_ACCENT_COLOR_NAME = AccentColor;
				CODE_SIGN_STYLE = Automatic;
				CURRENT_PROJECT_VERSION = 1;
				DEVELOPMENT_TEAM = Y7QY22UYMJ;
				GENERATE_INFOPLIST_FILE = YES;
				INFOPLIST_FILE = AuthenticationDemo/Info.plist;
				INFOPLIST_KEY_UIApplicationSupportsIndirectInputEvents = YES;
				INFOPLIST_KEY_UILaunchStoryboardName = LaunchScreen;
				INFOPLIST_KEY_UISupportedInterfaceOrientations = UIInterfaceOrientationPortrait;
				LD_RUNPATH_SEARCH_PATHS = (
					"$(inherited)",
					"@executable_path/Frameworks",
				);
				MARKETING_VERSION = 1.0;
				PRODUCT_BUNDLE_IDENTIFIER = "com.denys-triasunov.AuthenticationDemo";
				PRODUCT_NAME = "$(TARGET_NAME)";
				SUPPORTED_PLATFORMS = "iphoneos iphonesimulator";
				SUPPORTS_MACCATALYST = NO;
				SUPPORTS_MAC_DESIGNED_FOR_IPHONE_IPAD = NO;
				SWIFT_EMIT_LOC_STRINGS = YES;
				SWIFT_VERSION = 5.0;
				TARGETED_DEVICE_FAMILY = 1;
			};
			name = Release;
		};
/* End XCBuildConfiguration section */

/* Begin XCConfigurationList section */
		08CB534A2A0FF8440095DBE9 /* Build configuration list for PBXProject "AuthenticationDemo" */ = {
			isa = XCConfigurationList;
			buildConfigurations = (
				08CB53612A0FF8480095DBE9 /* Debug */,
				08CB53622A0FF8480095DBE9 /* Release */,
			);
			defaultConfigurationIsVisible = 0;
			defaultConfigurationName = Release;
		};
		08CB53632A0FF8480095DBE9 /* Build configuration list for PBXNativeTarget "AuthenticationDemo" */ = {
			isa = XCConfigurationList;
			buildConfigurations = (
				08CB53642A0FF8480095DBE9 /* Debug */,
				08CB53652A0FF8480095DBE9 /* Release */,
			);
			defaultConfigurationIsVisible = 0;
			defaultConfigurationName = Release;
		};
/* End XCConfigurationList section */
	};
	rootObject = 08CB53472A0FF8440095DBE9 /* Project object */;
}
